
Microsoft Visual Studio Solution File, Format Version 12.00
# Visual Studio Version 17
VisualStudioVersion = 17.3.32901.215
MinimumVisualStudioVersion = 10.0.40219.1
Project("{FAE04EC0-301F-11D3-BF4B-00C04F79EFBC}") = "ExampleNuGetServer", "ExampleNuGetServer\ExampleNuGetServer.csproj", "{7118F003-5C9C-4751-B639-DBA5D2D9D7FE}"
EndProject
Global
	GlobalSection(SolutionConfigurationPlatforms) = preSolution
		Debug|Any CPU = Debug|Any CPU
		Release|Any CPU = Release|Any CPU
	EndGlobalSection
	GlobalSection(ProjectConfigurationPlatforms) = postSolution
		{7118F003-5C9C-4751-B639-DBA5D2D9D7FE}.Debug|Any CPU.ActiveCfg = Debug|Any CPU
		{7118F003-5C9C-4751-B639-DBA5D2D9D7FE}.Debug|Any CPU.Build.0 = Debug|Any CPU
		{7118F003-5C9C-4751-B639-DBA5D2D9D7FE}.Release|Any CPU.ActiveCfg = Release|Any CPU
		{7118F003-5C9C-4751-B639-DBA5D2D9D7FE}.Release|Any CPU.Build.0 = Release|Any CPU
	EndGlobalSection
	GlobalSection(SolutionProperties) = preSolution
		HideSolutionNode = FALSE
	EndGlobalSection
	GlobalSection(ExtensibilityGlobals) = postSolution
		SolutionGuid = {8002944C-2FA8-4EC9-A687-8A18AD6FBA73}
	EndGlobalSection
EndGlobal
